
Microsoft Visual Studio Solution File, Format Version 12.00
# Visual Studio Version 17
VisualStudioVersion = 17.4.33110.190
MinimumVisualStudioVersion = 10.0.40219.1
Project("{2150E333-8FDC-42A3-9474-1A3956D46DE8}") = "src", "src", "{7C2F7117-324F-4BF3-BFEC-9B08E2C288CC}"
	ProjectSection(SolutionItems) = preProject
		src\Directory.Build.props = src\Directory.Build.props
	EndProjectSection
EndProject
Project("{2150E333-8FDC-42A3-9474-1A3956D46DE8}") = "tests", "tests", "{91AB4082-CA49-4DB5-879F-6A897728BB9B}"
EndProject
Project("{2150E333-8FDC-42A3-9474-1A3956D46DE8}") = "Solution Items", "Solution Items", "{F021E742-6A0A-469D-A6CE-68AB0F50DD52}"
	ProjectSection(SolutionItems) = preProject
		.editorconfig = .editorconfig
		.gitattributes = .gitattributes
		.gitignore = .gitignore
		CONTRIBUTING.md = CONTRIBUTING.md
		Directory.Build.props = Directory.Build.props
		docker-compose.yml = docker-compose.yml
		icon.png = icon.png
		LICENSE = LICENSE
		README.md = README.md
	EndProjectSection
EndProject
Project("{2150E333-8FDC-42A3-9474-1A3956D46DE8}") = ".github", ".github", "{801EA14B-698A-4663-9B71-46FCDF08B9DB}"
EndProject
Project("{2150E333-8FDC-42A3-9474-1A3956D46DE8}") = "workflows", "workflows", "{35F66474-3842-4474-A097-B450CF49E484}"
	ProjectSection(SolutionItems) = preProject
		.github\workflows\pull-request.yml = .github\workflows\pull-request.yml
		.github\workflows\push.yml = .github\workflows\push.yml
		.github\workflows\release.yml = .github\workflows\release.yml
	EndProjectSection
EndProject
Project("{2150E333-8FDC-42A3-9474-1A3956D46DE8}") = "example", "example", "{9EA25630-88D1-4A52-B339-141C8B8720B8}"
EndProject
Project("{9A19103F-16F7-4668-BE54-9A1E7A4F7556}") = "Example.ConsoleApp", "example\Example.ConsoleApp.csproj", "{F426D8EA-57F9-4A74-B22B-2274B85DA77B}"
EndProject
Project("{9A19103F-16F7-4668-BE54-9A1E7A4F7556}") = "Byndyusoft.Messaging.Tests.Functional", "tests\Byndyusoft.Messaging.Tests.Functional\Byndyusoft.Messaging.Tests.Functional.csproj", "{94967F85-C024-4E4D-9A8A-6FEB25FC03E1}"
EndProject
Project("{9A19103F-16F7-4668-BE54-9A1E7A4F7556}") = "Byndyusoft.Messaging.RabbitMq", "src\Byndyusoft.Messaging.RabbitMq\Byndyusoft.Messaging.RabbitMq.csproj", "{1A2D6501-C140-41A5-A1C5-38635585DCB8}"
EndProject
Project("{9A19103F-16F7-4668-BE54-9A1E7A4F7556}") = "Byndyusoft.Messaging.RabbitMq.Core", "src\Byndyusoft.Messaging.RabbitMq.Core\Byndyusoft.Messaging.RabbitMq.Core.csproj", "{BC596626-CD4F-4F1D-8A24-3F4671C9D273}"
EndProject
Project("{9A19103F-16F7-4668-BE54-9A1E7A4F7556}") = "Byndyusoft.Messaging.RabbitMq.Abstractions", "src\Byndyusoft.Messaging.RabbitMq.Abstractions\Byndyusoft.Messaging.RabbitMq.Abstractions.csproj", "{942D1F91-3517-4C92-A21A-E58107BD9954}"
EndProject
Project("{9A19103F-16F7-4668-BE54-9A1E7A4F7556}") = "Byndyusoft.Messaging.RabbitMq.OpenTelemetry", "src\Byndyusoft.Messaging.RabbitMq.OpenTelemetry\Byndyusoft.Messaging.RabbitMq.OpenTelemetry.csproj", "{FE5CCD18-DB87-46DA-8065-D783D0E85494}"
EndProject
Project("{9A19103F-16F7-4668-BE54-9A1E7A4F7556}") = "Byndyusoft.Messaging.RabbitMq.Rpc.Server", "src\Byndyusoft.Messaging.RabbitMq.Rpc.Server\Byndyusoft.Messaging.RabbitMq.Rpc.Server.csproj", "{D08422A6-F1E9-43E2-8949-5DD8BDB725CB}"
EndProject
Project("{FAE04EC0-301F-11D3-BF4B-00C04F79EFBC}") = "Byndyusoft.Messaging.RabbitMq.InMemory", "src\Byndyusoft.Messaging.RabbitMq.InMemory\Byndyusoft.Messaging.RabbitMq.InMemory.csproj", "{DE6309B7-8149-481E-B09A-33D88C09297D}"
EndProject
Project("{FAE04EC0-301F-11D3-BF4B-00C04F79EFBC}") = "Byndyusoft.Messaging.RabbitMq.Native", "src\Byndyusoft.Messaging.RabbitMq.Native\Byndyusoft.Messaging.RabbitMq.Native.csproj", "{DEF0E322-3061-489E-B41C-9355D448333B}"
EndProject
Global
	GlobalSection(SolutionConfigurationPlatforms) = preSolution
		Debug|Any CPU = Debug|Any CPU
		Release|Any CPU = Release|Any CPU
	EndGlobalSection
	GlobalSection(ProjectConfigurationPlatforms) = postSolution
		{F426D8EA-57F9-4A74-B22B-2274B85DA77B}.Debug|Any CPU.ActiveCfg = Debug|Any CPU
		{F426D8EA-57F9-4A74-B22B-2274B85DA77B}.Debug|Any CPU.Build.0 = Debug|Any CPU
		{F426D8EA-57F9-4A74-B22B-2274B85DA77B}.Release|Any CPU.ActiveCfg = Release|Any CPU
		{F426D8EA-57F9-4A74-B22B-2274B85DA77B}.Release|Any CPU.Build.0 = Release|Any CPU
		{94967F85-C024-4E4D-9A8A-6FEB25FC03E1}.Debug|Any CPU.ActiveCfg = Debug|Any CPU
		{94967F85-C024-4E4D-9A8A-6FEB25FC03E1}.Debug|Any CPU.Build.0 = Debug|Any CPU
		{94967F85-C024-4E4D-9A8A-6FEB25FC03E1}.Release|Any CPU.ActiveCfg = Release|Any CPU
		{94967F85-C024-4E4D-9A8A-6FEB25FC03E1}.Release|Any CPU.Build.0 = Release|Any CPU
		{1A2D6501-C140-41A5-A1C5-38635585DCB8}.Debug|Any CPU.ActiveCfg = Debug|Any CPU
		{1A2D6501-C140-41A5-A1C5-38635585DCB8}.Debug|Any CPU.Build.0 = Debug|Any CPU
		{1A2D6501-C140-41A5-A1C5-38635585DCB8}.Release|Any CPU.ActiveCfg = Release|Any CPU
		{1A2D6501-C140-41A5-A1C5-38635585DCB8}.Release|Any CPU.Build.0 = Release|Any CPU
		{BC596626-CD4F-4F1D-8A24-3F4671C9D273}.Debug|Any CPU.ActiveCfg = Debug|Any CPU
		{BC596626-CD4F-4F1D-8A24-3F4671C9D273}.Debug|Any CPU.Build.0 = Debug|Any CPU
		{BC596626-CD4F-4F1D-8A24-3F4671C9D273}.Release|Any CPU.ActiveCfg = Release|Any CPU
		{BC596626-CD4F-4F1D-8A24-3F4671C9D273}.Release|Any CPU.Build.0 = Release|Any CPU
		{942D1F91-3517-4C92-A21A-E58107BD9954}.Debug|Any CPU.ActiveCfg = Debug|Any CPU
		{942D1F91-3517-4C92-A21A-E58107BD9954}.Debug|Any CPU.Build.0 = Debug|Any CPU
		{942D1F91-3517-4C92-A21A-E58107BD9954}.Release|Any CPU.ActiveCfg = Release|Any CPU
		{942D1F91-3517-4C92-A21A-E58107BD9954}.Release|Any CPU.Build.0 = Release|Any CPU
		{FE5CCD18-DB87-46DA-8065-D783D0E85494}.Debug|Any CPU.ActiveCfg = Debug|Any CPU
		{FE5CCD18-DB87-46DA-8065-D783D0E85494}.Debug|Any CPU.Build.0 = Debug|Any CPU
		{FE5CCD18-DB87-46DA-8065-D783D0E85494}.Release|Any CPU.ActiveCfg = Release|Any CPU
		{FE5CCD18-DB87-46DA-8065-D783D0E85494}.Release|Any CPU.Build.0 = Release|Any CPU
		{D08422A6-F1E9-43E2-8949-5DD8BDB725CB}.Debug|Any CPU.ActiveCfg = Debug|Any CPU
		{D08422A6-F1E9-43E2-8949-5DD8BDB725CB}.Debug|Any CPU.Build.0 = Debug|Any CPU
		{D08422A6-F1E9-43E2-8949-5DD8BDB725CB}.Release|Any CPU.ActiveCfg = Release|Any CPU
		{D08422A6-F1E9-43E2-8949-5DD8BDB725CB}.Release|Any CPU.Build.0 = Release|Any CPU
		{DE6309B7-8149-481E-B09A-33D88C09297D}.Debug|Any CPU.ActiveCfg = Debug|Any CPU
		{DE6309B7-8149-481E-B09A-33D88C09297D}.Debug|Any CPU.Build.0 = Debug|Any CPU
		{DE6309B7-8149-481E-B09A-33D88C09297D}.Release|Any CPU.ActiveCfg = Release|Any CPU
		{DE6309B7-8149-481E-B09A-33D88C09297D}.Release|Any CPU.Build.0 = Release|Any CPU
		{DEF0E322-3061-489E-B41C-9355D448333B}.Debug|Any CPU.ActiveCfg = Debug|Any CPU
		{DEF0E322-3061-489E-B41C-9355D448333B}.Debug|Any CPU.Build.0 = Debug|Any CPU
		{DEF0E322-3061-489E-B41C-9355D448333B}.Release|Any CPU.ActiveCfg = Release|Any CPU
		{DEF0E322-3061-489E-B41C-9355D448333B}.Release|Any CPU.Build.0 = Release|Any CPU
	EndGlobalSection
	GlobalSection(SolutionProperties) = preSolution
		HideSolutionNode = FALSE
	EndGlobalSection
	GlobalSection(NestedProjects) = preSolution
		{35F66474-3842-4474-A097-B450CF49E484} = {801EA14B-698A-4663-9B71-46FCDF08B9DB}
		{F426D8EA-57F9-4A74-B22B-2274B85DA77B} = {9EA25630-88D1-4A52-B339-141C8B8720B8}
		{94967F85-C024-4E4D-9A8A-6FEB25FC03E1} = {91AB4082-CA49-4DB5-879F-6A897728BB9B}
		{1A2D6501-C140-41A5-A1C5-38635585DCB8} = {7C2F7117-324F-4BF3-BFEC-9B08E2C288CC}
		{BC596626-CD4F-4F1D-8A24-3F4671C9D273} = {7C2F7117-324F-4BF3-BFEC-9B08E2C288CC}
		{942D1F91-3517-4C92-A21A-E58107BD9954} = {7C2F7117-324F-4BF3-BFEC-9B08E2C288CC}
		{FE5CCD18-DB87-46DA-8065-D783D0E85494} = {7C2F7117-324F-4BF3-BFEC-9B08E2C288CC}
		{D08422A6-F1E9-43E2-8949-5DD8BDB725CB} = {7C2F7117-324F-4BF3-BFEC-9B08E2C288CC}
		{DE6309B7-8149-481E-B09A-33D88C09297D} = {7C2F7117-324F-4BF3-BFEC-9B08E2C288CC}
		{DEF0E322-3061-489E-B41C-9355D448333B} = {7C2F7117-324F-4BF3-BFEC-9B08E2C288CC}
	EndGlobalSection
	GlobalSection(ExtensibilityGlobals) = postSolution
		SolutionGuid = {F40608D2-7FC3-4557-9A87-5A76C4E0B531}
	EndGlobalSection
EndGlobal
