
Microsoft Visual Studio Solution File, Format Version 12.00
# Visual Studio Version 16
VisualStudioVersion = 16.0.30717.126
MinimumVisualStudioVersion = 10.0.40219.1
Project("{9A19103F-16F7-4668-BE54-9A1E7A4F7556}") = "Byndyusoft.Net.RabbitMq", "src\Byndyusoft.Net.RabbitMq.csproj", "{086D1008-A52F-4456-9F89-9E94ECBD7EAD}"
EndProject
Project("{9A19103F-16F7-4668-BE54-9A1E7A4F7556}") = "Byndyusoft.Net.RabbitMq.Tests", "tests\Byndyusoft.Net.RabbitMq.Tests\Byndyusoft.Net.RabbitMq.Tests.csproj", "{F838F33E-C801-4FCD-9DB6-18A710F264E4}"
EndProject
Project("{FAE04EC0-301F-11D3-BF4B-00C04F79EFBC}") = "Byndyusoft.Net.RabbitMq.Extensions", "Byndyusoft.Net.RabbitMq.Extensions\Byndyusoft.Net.RabbitMq.Extensions.csproj", "{D168F2D2-796F-4550-8F99-BCD4AF7BDEB9}"
EndProject
Global
	GlobalSection(SolutionConfigurationPlatforms) = preSolution
		Debug|Any CPU = Debug|Any CPU
		Release|Any CPU = Release|Any CPU
	EndGlobalSection
	GlobalSection(ProjectConfigurationPlatforms) = postSolution
		{086D1008-A52F-4456-9F89-9E94ECBD7EAD}.Debug|Any CPU.ActiveCfg = Debug|Any CPU
		{086D1008-A52F-4456-9F89-9E94ECBD7EAD}.Debug|Any CPU.Build.0 = Debug|Any CPU
		{086D1008-A52F-4456-9F89-9E94ECBD7EAD}.Release|Any CPU.ActiveCfg = Release|Any CPU
		{086D1008-A52F-4456-9F89-9E94ECBD7EAD}.Release|Any CPU.Build.0 = Release|Any CPU
		{F838F33E-C801-4FCD-9DB6-18A710F264E4}.Debug|Any CPU.ActiveCfg = Debug|Any CPU
		{F838F33E-C801-4FCD-9DB6-18A710F264E4}.Debug|Any CPU.Build.0 = Debug|Any CPU
		{F838F33E-C801-4FCD-9DB6-18A710F264E4}.Release|Any CPU.ActiveCfg = Release|Any CPU
		{F838F33E-C801-4FCD-9DB6-18A710F264E4}.Release|Any CPU.Build.0 = Release|Any CPU
		{D168F2D2-796F-4550-8F99-BCD4AF7BDEB9}.Debug|Any CPU.ActiveCfg = Debug|Any CPU
		{D168F2D2-796F-4550-8F99-BCD4AF7BDEB9}.Debug|Any CPU.Build.0 = Debug|Any CPU
		{D168F2D2-796F-4550-8F99-BCD4AF7BDEB9}.Release|Any CPU.ActiveCfg = Release|Any CPU
		{D168F2D2-796F-4550-8F99-BCD4AF7BDEB9}.Release|Any CPU.Build.0 = Release|Any CPU
	EndGlobalSection
	GlobalSection(SolutionProperties) = preSolution
		HideSolutionNode = FALSE
	EndGlobalSection
	GlobalSection(ExtensibilityGlobals) = postSolution
		SolutionGuid = {F40608D2-7FC3-4557-9A87-5A76C4E0B531}
	EndGlobalSection
EndGlobal
