
Microsoft Visual Studio Solution File, Format Version 12.00
# Visual Studio Version 16
VisualStudioVersion = 16.0.31911.196
MinimumVisualStudioVersion = 10.0.40219.1
Project("{2150E333-8FDC-42A3-9474-1A3956D46DE8}") = "src", "src", "{7C2F7117-324F-4BF3-BFEC-9B08E2C288CC}"
	ProjectSection(SolutionItems) = preProject
		src\Directory.Build.props = src\Directory.Build.props
	EndProjectSection
EndProject
Project("{2150E333-8FDC-42A3-9474-1A3956D46DE8}") = "tests", "tests", "{91AB4082-CA49-4DB5-879F-6A897728BB9B}"
EndProject
Project("{2150E333-8FDC-42A3-9474-1A3956D46DE8}") = "Solution Items", "Solution Items", "{F021E742-6A0A-469D-A6CE-68AB0F50DD52}"
	ProjectSection(SolutionItems) = preProject
		.editorconfig = .editorconfig
		.gitattributes = .gitattributes
		.gitignore = .gitignore
		CONTRIBUTING.md = CONTRIBUTING.md
		Directory.Build.props = Directory.Build.props
		docker-compose.yml = docker-compose.yml
		icon.png = icon.png
		LICENSE = LICENSE
		README.md = README.md
	EndProjectSection
EndProject
Project("{9A19103F-16F7-4668-BE54-9A1E7A4F7556}") = "RabbitMq", "src\RabbitMq\RabbitMq.csproj", "{083ECD48-3AC4-4BA9-94A1-55AFFF941246}"
EndProject
Project("{9A19103F-16F7-4668-BE54-9A1E7A4F7556}") = "RabbitMq.Extensions", "src\RabbitMq.Extensions\RabbitMq.Extensions.csproj", "{FF8EA81E-AA93-4382-8DC9-7BB47E6891EB}"
EndProject
Project("{9A19103F-16F7-4668-BE54-9A1E7A4F7556}") = "RabbitMq.Tests", "tests\RabbitMq.Tests\RabbitMq.Tests.csproj", "{65072C0E-1A70-47F6-9F70-D95ADA4B835C}"
EndProject
Project("{2150E333-8FDC-42A3-9474-1A3956D46DE8}") = ".github", ".github", "{801EA14B-698A-4663-9B71-46FCDF08B9DB}"
EndProject
Project("{2150E333-8FDC-42A3-9474-1A3956D46DE8}") = "workflows", "workflows", "{35F66474-3842-4474-A097-B450CF49E484}"
	ProjectSection(SolutionItems) = preProject
		.github\workflows\pull-request.yml = .github\workflows\pull-request.yml
		.github\workflows\push.yml = .github\workflows\push.yml
		.github\workflows\release.yml = .github\workflows\release.yml
	EndProjectSection
EndProject
Project("{2150E333-8FDC-42A3-9474-1A3956D46DE8}") = "example", "example", "{9EA25630-88D1-4A52-B339-141C8B8720B8}"
EndProject
Project("{9A19103F-16F7-4668-BE54-9A1E7A4F7556}") = "Example.ConsoleApp", "example\Example.ConsoleApp.csproj", "{F426D8EA-57F9-4A74-B22B-2274B85DA77B}"
EndProject
Project("{2150E333-8FDC-42A3-9474-1A3956D46DE8}") = "build", "build", "{03C36BD2-149C-4C81-AB4A-64795DE938AF}"
	ProjectSection(SolutionItems) = preProject
		build\build.cake = build\build.cake
		build\build.ps1 = build\build.ps1
		build\build.sh = build\build.sh
		build\NuGet.config = build\NuGet.config
	EndProjectSection
EndProject
Project("{9A19103F-16F7-4668-BE54-9A1E7A4F7556}") = "Byndyusoft.Messaging.Tests.Functional", "tests\Byndyusoft.Messaging.Tests.Functional\Byndyusoft.Messaging.Tests.Functional.csproj", "{94967F85-C024-4E4D-9A8A-6FEB25FC03E1}"
EndProject
Project("{9A19103F-16F7-4668-BE54-9A1E7A4F7556}") = "Byndyusoft.Messaging.RabbitMq", "src\Byndyusoft.Messaging.RabbitMq\Byndyusoft.Messaging.RabbitMq.csproj", "{1A2D6501-C140-41A5-A1C5-38635585DCB8}"
EndProject
Project("{2150E333-8FDC-42A3-9474-1A3956D46DE8}") = "build", "build", "{9A56E15A-F70B-423C-AEE1-A4587BFC9D09}"
	ProjectSection(SolutionItems) = preProject
		build\build.cake = build\build.cake
		build\build.ps1 = build\build.ps1
		build\build.sh = build\build.sh
		build\NuGet.config = build\NuGet.config
	EndProjectSection
EndProject
Global
	GlobalSection(SolutionConfigurationPlatforms) = preSolution
		Debug|Any CPU = Debug|Any CPU
		Release|Any CPU = Release|Any CPU
	EndGlobalSection
	GlobalSection(ProjectConfigurationPlatforms) = postSolution
		{083ECD48-3AC4-4BA9-94A1-55AFFF941246}.Debug|Any CPU.ActiveCfg = Debug|Any CPU
		{083ECD48-3AC4-4BA9-94A1-55AFFF941246}.Debug|Any CPU.Build.0 = Debug|Any CPU
		{083ECD48-3AC4-4BA9-94A1-55AFFF941246}.Release|Any CPU.ActiveCfg = Release|Any CPU
		{083ECD48-3AC4-4BA9-94A1-55AFFF941246}.Release|Any CPU.Build.0 = Release|Any CPU
		{FF8EA81E-AA93-4382-8DC9-7BB47E6891EB}.Debug|Any CPU.ActiveCfg = Debug|Any CPU
		{FF8EA81E-AA93-4382-8DC9-7BB47E6891EB}.Debug|Any CPU.Build.0 = Debug|Any CPU
		{FF8EA81E-AA93-4382-8DC9-7BB47E6891EB}.Release|Any CPU.ActiveCfg = Release|Any CPU
		{FF8EA81E-AA93-4382-8DC9-7BB47E6891EB}.Release|Any CPU.Build.0 = Release|Any CPU
		{65072C0E-1A70-47F6-9F70-D95ADA4B835C}.Debug|Any CPU.ActiveCfg = Debug|Any CPU
		{65072C0E-1A70-47F6-9F70-D95ADA4B835C}.Debug|Any CPU.Build.0 = Debug|Any CPU
		{65072C0E-1A70-47F6-9F70-D95ADA4B835C}.Release|Any CPU.ActiveCfg = Release|Any CPU
		{65072C0E-1A70-47F6-9F70-D95ADA4B835C}.Release|Any CPU.Build.0 = Release|Any CPU
		{F426D8EA-57F9-4A74-B22B-2274B85DA77B}.Debug|Any CPU.ActiveCfg = Debug|Any CPU
		{F426D8EA-57F9-4A74-B22B-2274B85DA77B}.Debug|Any CPU.Build.0 = Debug|Any CPU
		{F426D8EA-57F9-4A74-B22B-2274B85DA77B}.Release|Any CPU.ActiveCfg = Release|Any CPU
		{F426D8EA-57F9-4A74-B22B-2274B85DA77B}.Release|Any CPU.Build.0 = Release|Any CPU
		{94967F85-C024-4E4D-9A8A-6FEB25FC03E1}.Debug|Any CPU.ActiveCfg = Debug|Any CPU
		{94967F85-C024-4E4D-9A8A-6FEB25FC03E1}.Debug|Any CPU.Build.0 = Debug|Any CPU
		{94967F85-C024-4E4D-9A8A-6FEB25FC03E1}.Release|Any CPU.ActiveCfg = Release|Any CPU
		{94967F85-C024-4E4D-9A8A-6FEB25FC03E1}.Release|Any CPU.Build.0 = Release|Any CPU
		{1A2D6501-C140-41A5-A1C5-38635585DCB8}.Debug|Any CPU.ActiveCfg = Debug|Any CPU
		{1A2D6501-C140-41A5-A1C5-38635585DCB8}.Debug|Any CPU.Build.0 = Debug|Any CPU
		{1A2D6501-C140-41A5-A1C5-38635585DCB8}.Release|Any CPU.ActiveCfg = Release|Any CPU
		{1A2D6501-C140-41A5-A1C5-38635585DCB8}.Release|Any CPU.Build.0 = Release|Any CPU
	EndGlobalSection
	GlobalSection(SolutionProperties) = preSolution
		HideSolutionNode = FALSE
	EndGlobalSection
	GlobalSection(NestedProjects) = preSolution
		{083ECD48-3AC4-4BA9-94A1-55AFFF941246} = {7C2F7117-324F-4BF3-BFEC-9B08E2C288CC}
		{FF8EA81E-AA93-4382-8DC9-7BB47E6891EB} = {7C2F7117-324F-4BF3-BFEC-9B08E2C288CC}
		{65072C0E-1A70-47F6-9F70-D95ADA4B835C} = {91AB4082-CA49-4DB5-879F-6A897728BB9B}
		{35F66474-3842-4474-A097-B450CF49E484} = {801EA14B-698A-4663-9B71-46FCDF08B9DB}
		{F426D8EA-57F9-4A74-B22B-2274B85DA77B} = {9EA25630-88D1-4A52-B339-141C8B8720B8}
		{94967F85-C024-4E4D-9A8A-6FEB25FC03E1} = {91AB4082-CA49-4DB5-879F-6A897728BB9B}
		{1A2D6501-C140-41A5-A1C5-38635585DCB8} = {7C2F7117-324F-4BF3-BFEC-9B08E2C288CC}
		{9A56E15A-F70B-423C-AEE1-A4587BFC9D09} = {F021E742-6A0A-469D-A6CE-68AB0F50DD52}
	EndGlobalSection
	GlobalSection(ExtensibilityGlobals) = postSolution
		SolutionGuid = {F40608D2-7FC3-4557-9A87-5A76C4E0B531}
	EndGlobalSection
EndGlobal
